
Microsoft Visual Studio Solution File, Format Version 12.00
# Visual Studio 2017
Project("{FAE04EC0-301F-11D3-BF4B-00C04F79EFBC}") = "TapTap", "TapTap.csproj", "{1EE26285-F2BD-2E36-9A0B-307D9E2C08B1}"
EndProject
Project("{FAE04EC0-301F-11D3-BF4B-00C04F79EFBC}") = "TapTap.Editor", "TapTap.Editor.csproj", "{ABCB4F53-0241-C192-732C-7B780C0380D5}"
EndProject
Global
	GlobalSection(SolutionConfigurationPlatforms) = preSolution
		Debug|Any CPU = Debug|Any CPU
		Release|Any CPU = Release|Any CPU
	EndGlobalSection
	GlobalSection(ProjectConfigurationPlatforms) = postSolution
		{1EE26285-F2BD-2E36-9A0B-307D9E2C08B1}.Debug|Any CPU.ActiveCfg = Debug|Any CPU
		{1EE26285-F2BD-2E36-9A0B-307D9E2C08B1}.Debug|Any CPU.Build.0 = Debug|Any CPU
		{1EE26285-F2BD-2E36-9A0B-307D9E2C08B1}.Release|Any CPU.ActiveCfg = Release|Any CPU
		{1EE26285-F2BD-2E36-9A0B-307D9E2C08B1}.Release|Any CPU.Build.0 = Release|Any CPU
		{ABCB4F53-0241-C192-732C-7B780C0380D5}.Debug|Any CPU.ActiveCfg = Debug|Any CPU
		{ABCB4F53-0241-C192-732C-7B780C0380D5}.Debug|Any CPU.Build.0 = Debug|Any CPU
		{ABCB4F53-0241-C192-732C-7B780C0380D5}.Release|Any CPU.ActiveCfg = Release|Any CPU
		{ABCB4F53-0241-C192-732C-7B780C0380D5}.Release|Any CPU.Build.0 = Release|Any CPU
	EndGlobalSection
	GlobalSection(SolutionProperties) = preSolution
		HideSolutionNode = FALSE
	EndGlobalSection
EndGlobal
