
Microsoft Visual Studio Solution File, Format Version 12.00
# Visual Studio 2017
Project("{FAE04EC0-301F-11D3-BF4B-00C04F79EFBC}") = "TapTap오늘거", "TapTap오늘거.csproj", "{A2E6C6C8-5E4D-F10E-74C5-84C31BC52A4B}"
EndProject
Project("{FAE04EC0-301F-11D3-BF4B-00C04F79EFBC}") = "TapTap오늘거.Editor", "TapTap오늘거.Editor.csproj", "{174B8A5F-4D54-B5CE-4F9E-5D15D55E771C}"
EndProject
Global
	GlobalSection(SolutionConfigurationPlatforms) = preSolution
		Debug|Any CPU = Debug|Any CPU
		Release|Any CPU = Release|Any CPU
	EndGlobalSection
	GlobalSection(ProjectConfigurationPlatforms) = postSolution
		{A2E6C6C8-5E4D-F10E-74C5-84C31BC52A4B}.Debug|Any CPU.ActiveCfg = Debug|Any CPU
		{A2E6C6C8-5E4D-F10E-74C5-84C31BC52A4B}.Debug|Any CPU.Build.0 = Debug|Any CPU
		{A2E6C6C8-5E4D-F10E-74C5-84C31BC52A4B}.Release|Any CPU.ActiveCfg = Release|Any CPU
		{A2E6C6C8-5E4D-F10E-74C5-84C31BC52A4B}.Release|Any CPU.Build.0 = Release|Any CPU
		{174B8A5F-4D54-B5CE-4F9E-5D15D55E771C}.Debug|Any CPU.ActiveCfg = Debug|Any CPU
		{174B8A5F-4D54-B5CE-4F9E-5D15D55E771C}.Debug|Any CPU.Build.0 = Debug|Any CPU
		{174B8A5F-4D54-B5CE-4F9E-5D15D55E771C}.Release|Any CPU.ActiveCfg = Release|Any CPU
		{174B8A5F-4D54-B5CE-4F9E-5D15D55E771C}.Release|Any CPU.Build.0 = Release|Any CPU
	EndGlobalSection
	GlobalSection(SolutionProperties) = preSolution
		HideSolutionNode = FALSE
	EndGlobalSection
EndGlobal
